
Microsoft Visual Studio Solution File, Format Version 12.00
# Visual Studio Version 17
VisualStudioVersion = 17.1.32421.90
MinimumVisualStudioVersion = 10.0.40219.1
Project("{FAE04EC0-301F-11D3-BF4B-00C04F79EFBC}") = "threadsEjemplo", "threadsEjemplo\threadsEjemplo.csproj", "{FAD1DB91-D7AC-4B76-88F5-D29D35530B17}"
EndProject
Global
	GlobalSection(SolutionConfigurationPlatforms) = preSolution
		Debug|Any CPU = Debug|Any CPU
		Release|Any CPU = Release|Any CPU
	EndGlobalSection
	GlobalSection(ProjectConfigurationPlatforms) = postSolution
		{FAD1DB91-D7AC-4B76-88F5-D29D35530B17}.Debug|Any CPU.ActiveCfg = Debug|Any CPU
		{FAD1DB91-D7AC-4B76-88F5-D29D35530B17}.Debug|Any CPU.Build.0 = Debug|Any CPU
		{FAD1DB91-D7AC-4B76-88F5-D29D35530B17}.Release|Any CPU.ActiveCfg = Release|Any CPU
		{FAD1DB91-D7AC-4B76-88F5-D29D35530B17}.Release|Any CPU.Build.0 = Release|Any CPU
	EndGlobalSection
	GlobalSection(SolutionProperties) = preSolution
		HideSolutionNode = FALSE
	EndGlobalSection
	GlobalSection(ExtensibilityGlobals) = postSolution
		SolutionGuid = {6BFE42B0-1C37-401B-AECB-DA988319D279}
	EndGlobalSection
EndGlobal
