
Microsoft Visual Studio Solution File, Format Version 12.00
# Visual Studio Version 17
VisualStudioVersion = 17.1.32228.430
MinimumVisualStudioVersion = 10.0.40219.1
Project("{FAE04EC0-301F-11D3-BF4B-00C04F79EFBC}") = "DelegadoPredicado_Ejemplo", "DelegadoPredicado_Ejemplo\DelegadoPredicado_Ejemplo.csproj", "{4D0EE9A2-D108-458A-91C2-67523F9113D5}"
EndProject
Global
	GlobalSection(SolutionConfigurationPlatforms) = preSolution
		Debug|Any CPU = Debug|Any CPU
		Release|Any CPU = Release|Any CPU
	EndGlobalSection
	GlobalSection(ProjectConfigurationPlatforms) = postSolution
		{4D0EE9A2-D108-458A-91C2-67523F9113D5}.Debug|Any CPU.ActiveCfg = Debug|Any CPU
		{4D0EE9A2-D108-458A-91C2-67523F9113D5}.Debug|Any CPU.Build.0 = Debug|Any CPU
		{4D0EE9A2-D108-458A-91C2-67523F9113D5}.Release|Any CPU.ActiveCfg = Release|Any CPU
		{4D0EE9A2-D108-458A-91C2-67523F9113D5}.Release|Any CPU.Build.0 = Release|Any CPU
	EndGlobalSection
	GlobalSection(SolutionProperties) = preSolution
		HideSolutionNode = FALSE
	EndGlobalSection
	GlobalSection(ExtensibilityGlobals) = postSolution
		SolutionGuid = {5622EAAC-CDF5-4F13-8362-F81F05E12079}
	EndGlobalSection
EndGlobal
