
Microsoft Visual Studio Solution File, Format Version 12.00
# Visual Studio Version 17
VisualStudioVersion = 17.1.32228.430
MinimumVisualStudioVersion = 10.0.40219.1
Project("{FAE04EC0-301F-11D3-BF4B-00C04F79EFBC}") = "EjemploArray", "EjemploArray\EjemploArray.csproj", "{D9B03106-AB5A-4FDE-B13E-4936604CB4C9}"
EndProject
Global
	GlobalSection(SolutionConfigurationPlatforms) = preSolution
		Debug|Any CPU = Debug|Any CPU
		Release|Any CPU = Release|Any CPU
	EndGlobalSection
	GlobalSection(ProjectConfigurationPlatforms) = postSolution
		{D9B03106-AB5A-4FDE-B13E-4936604CB4C9}.Debug|Any CPU.ActiveCfg = Debug|Any CPU
		{D9B03106-AB5A-4FDE-B13E-4936604CB4C9}.Debug|Any CPU.Build.0 = Debug|Any CPU
		{D9B03106-AB5A-4FDE-B13E-4936604CB4C9}.Release|Any CPU.ActiveCfg = Release|Any CPU
		{D9B03106-AB5A-4FDE-B13E-4936604CB4C9}.Release|Any CPU.Build.0 = Release|Any CPU
	EndGlobalSection
	GlobalSection(SolutionProperties) = preSolution
		HideSolutionNode = FALSE
	EndGlobalSection
	GlobalSection(ExtensibilityGlobals) = postSolution
		SolutionGuid = {896ADD20-E814-4F68-9B2B-45CCFB76EA40}
	EndGlobalSection
EndGlobal
