
Microsoft Visual Studio Solution File, Format Version 12.00
# Visual Studio Version 17
VisualStudioVersion = 17.1.32228.430
MinimumVisualStudioVersion = 10.0.40219.1
Project("{FAE04EC0-301F-11D3-BF4B-00C04F79EFBC}") = "UsoCochePOO", "UsoCochePOO\UsoCochePOO.csproj", "{074C3360-C481-4911-8787-21F85B5B0C59}"
EndProject
Global
	GlobalSection(SolutionConfigurationPlatforms) = preSolution
		Debug|Any CPU = Debug|Any CPU
		Release|Any CPU = Release|Any CPU
	EndGlobalSection
	GlobalSection(ProjectConfigurationPlatforms) = postSolution
		{074C3360-C481-4911-8787-21F85B5B0C59}.Debug|Any CPU.ActiveCfg = Debug|Any CPU
		{074C3360-C481-4911-8787-21F85B5B0C59}.Debug|Any CPU.Build.0 = Debug|Any CPU
		{074C3360-C481-4911-8787-21F85B5B0C59}.Release|Any CPU.ActiveCfg = Release|Any CPU
		{074C3360-C481-4911-8787-21F85B5B0C59}.Release|Any CPU.Build.0 = Release|Any CPU
	EndGlobalSection
	GlobalSection(SolutionProperties) = preSolution
		HideSolutionNode = FALSE
	EndGlobalSection
	GlobalSection(ExtensibilityGlobals) = postSolution
		SolutionGuid = {0C84EFB0-84BB-4A78-9279-69FF016B370C}
	EndGlobalSection
EndGlobal
