
Microsoft Visual Studio Solution File, Format Version 12.00
# Visual Studio Version 17
VisualStudioVersion = 17.1.32421.90
MinimumVisualStudioVersion = 10.0.40219.1
Project("{FAE04EC0-301F-11D3-BF4B-00C04F79EFBC}") = "ListLigada", "ListLigada\ListLigada.csproj", "{12210F11-5D1A-47A8-9F3B-450E3F312CB4}"
EndProject
Global
	GlobalSection(SolutionConfigurationPlatforms) = preSolution
		Debug|Any CPU = Debug|Any CPU
		Release|Any CPU = Release|Any CPU
	EndGlobalSection
	GlobalSection(ProjectConfigurationPlatforms) = postSolution
		{12210F11-5D1A-47A8-9F3B-450E3F312CB4}.Debug|Any CPU.ActiveCfg = Debug|Any CPU
		{12210F11-5D1A-47A8-9F3B-450E3F312CB4}.Debug|Any CPU.Build.0 = Debug|Any CPU
		{12210F11-5D1A-47A8-9F3B-450E3F312CB4}.Release|Any CPU.ActiveCfg = Release|Any CPU
		{12210F11-5D1A-47A8-9F3B-450E3F312CB4}.Release|Any CPU.Build.0 = Release|Any CPU
	EndGlobalSection
	GlobalSection(SolutionProperties) = preSolution
		HideSolutionNode = FALSE
	EndGlobalSection
	GlobalSection(ExtensibilityGlobals) = postSolution
		SolutionGuid = {2156842E-549C-4CC3-AE04-F9FAC6FF6F45}
	EndGlobalSection
EndGlobal
